
Microsoft Visual Studio Solution File, Format Version 12.00
# Visual Studio Version 17
VisualStudioVersion = 17.7.34202.233
MinimumVisualStudioVersion = 10.0.40219.1
Project("{FAE04EC0-301F-11D3-BF4B-00C04F79EFBC}") = "CoRE-2-Server", "CoRE-2-Server\CoRE-2-Server.csproj", "{D5B6D962-01DD-47B9-AD06-705856B0CECD}"
EndProject
Global
	GlobalSection(SolutionConfigurationPlatforms) = preSolution
		Debug|Any CPU = Debug|Any CPU
		Release|Any CPU = Release|Any CPU
	EndGlobalSection
	GlobalSection(ProjectConfigurationPlatforms) = postSolution
		{D5B6D962-01DD-47B9-AD06-705856B0CECD}.Debug|Any CPU.ActiveCfg = Debug|Any CPU
		{D5B6D962-01DD-47B9-AD06-705856B0CECD}.Debug|Any CPU.Build.0 = Debug|Any CPU
		{D5B6D962-01DD-47B9-AD06-705856B0CECD}.Release|Any CPU.ActiveCfg = Release|Any CPU
		{D5B6D962-01DD-47B9-AD06-705856B0CECD}.Release|Any CPU.Build.0 = Release|Any CPU
	EndGlobalSection
	GlobalSection(SolutionProperties) = preSolution
		HideSolutionNode = FALSE
	EndGlobalSection
	GlobalSection(ExtensibilityGlobals) = postSolution
		SolutionGuid = {9F794D6B-BBF0-4F66-ADEE-864D54916289}
	EndGlobalSection
EndGlobal
